
Microsoft Visual Studio Solution File, Format Version 12.00
# Visual Studio 15
VisualStudioVersion = 15.0.28307.572
MinimumVisualStudioVersion = 10.0.40219.1
Project("{FAE04EC0-301F-11D3-BF4B-00C04F79EFBC}") = "GorevTakipSistemi", "GorevTakipSistemi\GorevTakipSistemi.csproj", "{C86D7D45-D0E5-41EE-9007-4CB9AA638A1B}"
EndProject
Global
	GlobalSection(SolutionConfigurationPlatforms) = preSolution
		Debug|Any CPU = Debug|Any CPU
		Release|Any CPU = Release|Any CPU
	EndGlobalSection
	GlobalSection(ProjectConfigurationPlatforms) = postSolution
		{C86D7D45-D0E5-41EE-9007-4CB9AA638A1B}.Debug|Any CPU.ActiveCfg = Debug|Any CPU
		{C86D7D45-D0E5-41EE-9007-4CB9AA638A1B}.Debug|Any CPU.Build.0 = Debug|Any CPU
		{C86D7D45-D0E5-41EE-9007-4CB9AA638A1B}.Release|Any CPU.ActiveCfg = Release|Any CPU
		{C86D7D45-D0E5-41EE-9007-4CB9AA638A1B}.Release|Any CPU.Build.0 = Release|Any CPU
	EndGlobalSection
	GlobalSection(SolutionProperties) = preSolution
		HideSolutionNode = FALSE
	EndGlobalSection
	GlobalSection(ExtensibilityGlobals) = postSolution
		SolutionGuid = {C8FA6E4B-90B5-422E-A1F6-7A9B7381E12D}
	EndGlobalSection
EndGlobal
